
Microsoft Visual Studio Solution File, Format Version 12.00
# Visual Studio Version 16
VisualStudioVersion = 16.0.29806.167
MinimumVisualStudioVersion = 10.0.40219.1
Project("{FAE04EC0-301F-11D3-BF4B-00C04F79EFBC}") = "Ouroboros.Common", "src\Ouroboros.Common\Ouroboros.Common.csproj", "{F39F499D-5C68-4951-BA28-8149BA4B7F4D}"
EndProject
Project("{FAE04EC0-301F-11D3-BF4B-00C04F79EFBC}") = "Ouroboros.Entities", "src\Ouroboros.Entities\Ouroboros.Entities.csproj", "{C345B6EF-684F-41EC-AE74-6BF75896ECA5}"
EndProject
Project("{FAE04EC0-301F-11D3-BF4B-00C04F79EFBC}") = "Ouroboros.WebCore", "src\Ouroboros.WebCore\Ouroboros.WebCore.csproj", "{8A669198-7B1F-4DB4-9564-E01CD835562A}"
EndProject
Project("{FAE04EC0-301F-11D3-BF4B-00C04F79EFBC}") = "Ouroboros.UnitOfWork", "src\Ouroboros.UnitOfWork\Ouroboros.UnitOfWork.csproj", "{ED489B8D-ADE3-43D5-801E-1BF774CDAE04}"
EndProject
Project("{FAE04EC0-301F-11D3-BF4B-00C04F79EFBC}") = "Ouroboros.DbContexts", "src\Ouroboros.DbContexts\Ouroboros.DbContexts.csproj", "{D20A2D5E-DEF6-4D8A-804B-C0DB29A241E5}"
EndProject
Project("{FAE04EC0-301F-11D3-BF4B-00C04F79EFBC}") = "Ouroboros.Component.Aop", "src\Ouroboros.Component.Aop\Ouroboros.Component.Aop.csproj", "{9491C760-2A4F-4DEF-ADEA-CC1DF2443519}"
EndProject
Project("{FAE04EC0-301F-11D3-BF4B-00C04F79EFBC}") = "Ouroboros.Component.Jwt", "src\Ouroboros.Component.Jwt\Ouroboros.Component.Jwt.csproj", "{12D75EFD-1425-4132-8695-BF916CEC1BED}"
EndProject
Project("{FAE04EC0-301F-11D3-BF4B-00C04F79EFBC}") = "Ouroboros.Models", "src\Ouroboros.Models\Ouroboros.Models.csproj", "{BCE2D8A0-06FB-4931-AECB-2EAB53662C99}"
EndProject
Project("{FAE04EC0-301F-11D3-BF4B-00C04F79EFBC}") = "Ouroboros.Services", "src\Ouroboros.Services\Ouroboros.Services.csproj", "{82CE36E2-E942-4CEC-B606-3EF18D7ADBC6}"
EndProject
Global
	GlobalSection(SolutionConfigurationPlatforms) = preSolution
		Debug|Any CPU = Debug|Any CPU
		Release|Any CPU = Release|Any CPU
	EndGlobalSection
	GlobalSection(ProjectConfigurationPlatforms) = postSolution
		{F39F499D-5C68-4951-BA28-8149BA4B7F4D}.Debug|Any CPU.ActiveCfg = Debug|Any CPU
		{F39F499D-5C68-4951-BA28-8149BA4B7F4D}.Debug|Any CPU.Build.0 = Debug|Any CPU
		{F39F499D-5C68-4951-BA28-8149BA4B7F4D}.Release|Any CPU.ActiveCfg = Release|Any CPU
		{F39F499D-5C68-4951-BA28-8149BA4B7F4D}.Release|Any CPU.Build.0 = Release|Any CPU
		{C345B6EF-684F-41EC-AE74-6BF75896ECA5}.Debug|Any CPU.ActiveCfg = Debug|Any CPU
		{C345B6EF-684F-41EC-AE74-6BF75896ECA5}.Debug|Any CPU.Build.0 = Debug|Any CPU
		{C345B6EF-684F-41EC-AE74-6BF75896ECA5}.Release|Any CPU.ActiveCfg = Release|Any CPU
		{C345B6EF-684F-41EC-AE74-6BF75896ECA5}.Release|Any CPU.Build.0 = Release|Any CPU
		{8A669198-7B1F-4DB4-9564-E01CD835562A}.Debug|Any CPU.ActiveCfg = Debug|Any CPU
		{8A669198-7B1F-4DB4-9564-E01CD835562A}.Debug|Any CPU.Build.0 = Debug|Any CPU
		{8A669198-7B1F-4DB4-9564-E01CD835562A}.Release|Any CPU.ActiveCfg = Release|Any CPU
		{8A669198-7B1F-4DB4-9564-E01CD835562A}.Release|Any CPU.Build.0 = Release|Any CPU
		{ED489B8D-ADE3-43D5-801E-1BF774CDAE04}.Debug|Any CPU.ActiveCfg = Debug|Any CPU
		{ED489B8D-ADE3-43D5-801E-1BF774CDAE04}.Debug|Any CPU.Build.0 = Debug|Any CPU
		{ED489B8D-ADE3-43D5-801E-1BF774CDAE04}.Release|Any CPU.ActiveCfg = Release|Any CPU
		{ED489B8D-ADE3-43D5-801E-1BF774CDAE04}.Release|Any CPU.Build.0 = Release|Any CPU
		{D20A2D5E-DEF6-4D8A-804B-C0DB29A241E5}.Debug|Any CPU.ActiveCfg = Debug|Any CPU
		{D20A2D5E-DEF6-4D8A-804B-C0DB29A241E5}.Debug|Any CPU.Build.0 = Debug|Any CPU
		{D20A2D5E-DEF6-4D8A-804B-C0DB29A241E5}.Release|Any CPU.ActiveCfg = Release|Any CPU
		{D20A2D5E-DEF6-4D8A-804B-C0DB29A241E5}.Release|Any CPU.Build.0 = Release|Any CPU
		{9491C760-2A4F-4DEF-ADEA-CC1DF2443519}.Debug|Any CPU.ActiveCfg = Debug|Any CPU
		{9491C760-2A4F-4DEF-ADEA-CC1DF2443519}.Debug|Any CPU.Build.0 = Debug|Any CPU
		{9491C760-2A4F-4DEF-ADEA-CC1DF2443519}.Release|Any CPU.ActiveCfg = Release|Any CPU
		{9491C760-2A4F-4DEF-ADEA-CC1DF2443519}.Release|Any CPU.Build.0 = Release|Any CPU
		{12D75EFD-1425-4132-8695-BF916CEC1BED}.Debug|Any CPU.ActiveCfg = Debug|Any CPU
		{12D75EFD-1425-4132-8695-BF916CEC1BED}.Debug|Any CPU.Build.0 = Debug|Any CPU
		{12D75EFD-1425-4132-8695-BF916CEC1BED}.Release|Any CPU.ActiveCfg = Release|Any CPU
		{12D75EFD-1425-4132-8695-BF916CEC1BED}.Release|Any CPU.Build.0 = Release|Any CPU
		{BCE2D8A0-06FB-4931-AECB-2EAB53662C99}.Debug|Any CPU.ActiveCfg = Debug|Any CPU
		{BCE2D8A0-06FB-4931-AECB-2EAB53662C99}.Debug|Any CPU.Build.0 = Debug|Any CPU
		{BCE2D8A0-06FB-4931-AECB-2EAB53662C99}.Release|Any CPU.ActiveCfg = Release|Any CPU
		{BCE2D8A0-06FB-4931-AECB-2EAB53662C99}.Release|Any CPU.Build.0 = Release|Any CPU
		{82CE36E2-E942-4CEC-B606-3EF18D7ADBC6}.Debug|Any CPU.ActiveCfg = Debug|Any CPU
		{82CE36E2-E942-4CEC-B606-3EF18D7ADBC6}.Debug|Any CPU.Build.0 = Debug|Any CPU
		{82CE36E2-E942-4CEC-B606-3EF18D7ADBC6}.Release|Any CPU.ActiveCfg = Release|Any CPU
		{82CE36E2-E942-4CEC-B606-3EF18D7ADBC6}.Release|Any CPU.Build.0 = Release|Any CPU
	EndGlobalSection
	GlobalSection(SolutionProperties) = preSolution
		HideSolutionNode = FALSE
	EndGlobalSection
	GlobalSection(ExtensibilityGlobals) = postSolution
		SolutionGuid = {DB191B41-7423-4951-A32F-3EBFEE5F51F8}
	EndGlobalSection
EndGlobal
