
Microsoft Visual Studio Solution File, Format Version 12.00
# Visual Studio Version 16
VisualStudioVersion = 16.0.29806.167
MinimumVisualStudioVersion = 10.0.40219.1
Project("{FAE04EC0-301F-11D3-BF4B-00C04F79EFBC}") = "Ouroboros.Common", "src\Ouroboros.Common\Ouroboros.Common.csproj", "{F39F499D-5C68-4951-BA28-8149BA4B7F4D}"
EndProject
Project("{FAE04EC0-301F-11D3-BF4B-00C04F79EFBC}") = "Ouroboros.Entities", "src\Ouroboros.Entities\Ouroboros.Entities.csproj", "{C345B6EF-684F-41EC-AE74-6BF75896ECA5}"
EndProject
Project("{FAE04EC0-301F-11D3-BF4B-00C04F79EFBC}") = "Ouroboros.WebCore", "src\Ouroboros.WebCore\Ouroboros.WebCore.csproj", "{8A669198-7B1F-4DB4-9564-E01CD835562A}"
EndProject
Project("{FAE04EC0-301F-11D3-BF4B-00C04F79EFBC}") = "Ouroboros.UnitOfWork", "src\Ouroboros.UnitOfWork\Ouroboros.UnitOfWork.csproj", "{ED489B8D-ADE3-43D5-801E-1BF774CDAE04}"
EndProject
Global
	GlobalSection(SolutionConfigurationPlatforms) = preSolution
		Debug|Any CPU = Debug|Any CPU
		Release|Any CPU = Release|Any CPU
	EndGlobalSection
	GlobalSection(ProjectConfigurationPlatforms) = postSolution
		{F39F499D-5C68-4951-BA28-8149BA4B7F4D}.Debug|Any CPU.ActiveCfg = Debug|Any CPU
		{F39F499D-5C68-4951-BA28-8149BA4B7F4D}.Debug|Any CPU.Build.0 = Debug|Any CPU
		{F39F499D-5C68-4951-BA28-8149BA4B7F4D}.Release|Any CPU.ActiveCfg = Release|Any CPU
		{F39F499D-5C68-4951-BA28-8149BA4B7F4D}.Release|Any CPU.Build.0 = Release|Any CPU
		{C345B6EF-684F-41EC-AE74-6BF75896ECA5}.Debug|Any CPU.ActiveCfg = Debug|Any CPU
		{C345B6EF-684F-41EC-AE74-6BF75896ECA5}.Debug|Any CPU.Build.0 = Debug|Any CPU
		{C345B6EF-684F-41EC-AE74-6BF75896ECA5}.Release|Any CPU.ActiveCfg = Release|Any CPU
		{C345B6EF-684F-41EC-AE74-6BF75896ECA5}.Release|Any CPU.Build.0 = Release|Any CPU
		{8A669198-7B1F-4DB4-9564-E01CD835562A}.Debug|Any CPU.ActiveCfg = Debug|Any CPU
		{8A669198-7B1F-4DB4-9564-E01CD835562A}.Debug|Any CPU.Build.0 = Debug|Any CPU
		{8A669198-7B1F-4DB4-9564-E01CD835562A}.Release|Any CPU.ActiveCfg = Release|Any CPU
		{8A669198-7B1F-4DB4-9564-E01CD835562A}.Release|Any CPU.Build.0 = Release|Any CPU
		{ED489B8D-ADE3-43D5-801E-1BF774CDAE04}.Debug|Any CPU.ActiveCfg = Debug|Any CPU
		{ED489B8D-ADE3-43D5-801E-1BF774CDAE04}.Debug|Any CPU.Build.0 = Debug|Any CPU
		{ED489B8D-ADE3-43D5-801E-1BF774CDAE04}.Release|Any CPU.ActiveCfg = Release|Any CPU
		{ED489B8D-ADE3-43D5-801E-1BF774CDAE04}.Release|Any CPU.Build.0 = Release|Any CPU
	EndGlobalSection
	GlobalSection(SolutionProperties) = preSolution
		HideSolutionNode = FALSE
	EndGlobalSection
	GlobalSection(ExtensibilityGlobals) = postSolution
		SolutionGuid = {DB191B41-7423-4951-A32F-3EBFEE5F51F8}
	EndGlobalSection
EndGlobal
